
Microsoft Visual Studio Solution File, Format Version 12.00
# Visual Studio 15
VisualStudioVersion = 15.0.27130.2027
MinimumVisualStudioVersion = 10.0.40219.1
Project("{FAE04EC0-301F-11D3-BF4B-00C04F79EFBC}") = "PolygonPageObjects", "PolygonPageObjects\PolygonPageObjects.csproj", "{17CBDE5F-9FC8-4935-840E-083467E86BF8}"
EndProject
Project("{FAE04EC0-301F-11D3-BF4B-00C04F79EFBC}") = "PolygonTests", "PolygonTests\PolygonTests.csproj", "{DA784D2D-E847-4191-8E56-574C342CFE74}"
EndProject
Global
	GlobalSection(SolutionConfigurationPlatforms) = preSolution
		Debug|Any CPU = Debug|Any CPU
		Release|Any CPU = Release|Any CPU
	EndGlobalSection
	GlobalSection(ProjectConfigurationPlatforms) = postSolution
		{17CBDE5F-9FC8-4935-840E-083467E86BF8}.Debug|Any CPU.ActiveCfg = Debug|Any CPU
		{17CBDE5F-9FC8-4935-840E-083467E86BF8}.Debug|Any CPU.Build.0 = Debug|Any CPU
		{17CBDE5F-9FC8-4935-840E-083467E86BF8}.Release|Any CPU.ActiveCfg = Release|Any CPU
		{17CBDE5F-9FC8-4935-840E-083467E86BF8}.Release|Any CPU.Build.0 = Release|Any CPU
		{DA784D2D-E847-4191-8E56-574C342CFE74}.Debug|Any CPU.ActiveCfg = Debug|Any CPU
		{DA784D2D-E847-4191-8E56-574C342CFE74}.Debug|Any CPU.Build.0 = Debug|Any CPU
		{DA784D2D-E847-4191-8E56-574C342CFE74}.Release|Any CPU.ActiveCfg = Release|Any CPU
		{DA784D2D-E847-4191-8E56-574C342CFE74}.Release|Any CPU.Build.0 = Release|Any CPU
	EndGlobalSection
	GlobalSection(SolutionProperties) = preSolution
		HideSolutionNode = FALSE
	EndGlobalSection
	GlobalSection(ExtensibilityGlobals) = postSolution
		SolutionGuid = {B5D50292-221C-40BB-9933-D7A6520F503C}
	EndGlobalSection
EndGlobal
